
Microsoft Visual Studio Solution File, Format Version 12.00
# Visual Studio Version 16
VisualStudioVersion = 16.0.31424.327
MinimumVisualStudioVersion = 10.0.40219.1
Project("{FAE04EC0-301F-11D3-BF4B-00C04F79EFBC}") = "Sadaka", "Sadaka\Sadaka.csproj", "{A6899183-B5EF-42A0-B470-33D745EDCAC5}"
EndProject
Global
	GlobalSection(SolutionConfigurationPlatforms) = preSolution
		Debug|Any CPU = Debug|Any CPU
		Release|Any CPU = Release|Any CPU
	EndGlobalSection
	GlobalSection(ProjectConfigurationPlatforms) = postSolution
		{A6899183-B5EF-42A0-B470-33D745EDCAC5}.Debug|Any CPU.ActiveCfg = Debug|Any CPU
		{A6899183-B5EF-42A0-B470-33D745EDCAC5}.Debug|Any CPU.Build.0 = Debug|Any CPU
		{A6899183-B5EF-42A0-B470-33D745EDCAC5}.Release|Any CPU.ActiveCfg = Release|Any CPU
		{A6899183-B5EF-42A0-B470-33D745EDCAC5}.Release|Any CPU.Build.0 = Release|Any CPU
	EndGlobalSection
	GlobalSection(SolutionProperties) = preSolution
		HideSolutionNode = FALSE
	EndGlobalSection
	GlobalSection(ExtensibilityGlobals) = postSolution
		SolutionGuid = {0359EBEF-AD29-4B75-9634-86DBD03F8150}
	EndGlobalSection
EndGlobal
